
Microsoft Visual Studio Solution File, Format Version 12.00
# Visual Studio Version 16
VisualStudioVersion = 16.0.31613.86
MinimumVisualStudioVersion = 10.0.40219.1
Project("{FAE04EC0-301F-11D3-BF4B-00C04F79EFBC}") = "Presentationn", "Presentationn\Presentationn.csproj", "{1C29CFA6-6509-4444-83E9-577CF026C01B}"
EndProject
Project("{FAE04EC0-301F-11D3-BF4B-00C04F79EFBC}") = "Entidad", "Entidad\Entidad.csproj", "{B85D232F-BC6D-4FF9-AB53-9DB3F8082B55}"
EndProject
Project("{FAE04EC0-301F-11D3-BF4B-00C04F79EFBC}") = "Lógica", "Lógica\Lógica.csproj", "{0F8BF810-3802-46D2-9E55-AAFCC9A618F3}"
EndProject
Project("{FAE04EC0-301F-11D3-BF4B-00C04F79EFBC}") = "Datos", "Datos\Datos.csproj", "{8814B8BB-2609-4B32-A22A-15432C41CD85}"
EndProject
Global
	GlobalSection(SolutionConfigurationPlatforms) = preSolution
		Debug|Any CPU = Debug|Any CPU
		Release|Any CPU = Release|Any CPU
	EndGlobalSection
	GlobalSection(ProjectConfigurationPlatforms) = postSolution
		{1C29CFA6-6509-4444-83E9-577CF026C01B}.Debug|Any CPU.ActiveCfg = Debug|Any CPU
		{1C29CFA6-6509-4444-83E9-577CF026C01B}.Debug|Any CPU.Build.0 = Debug|Any CPU
		{1C29CFA6-6509-4444-83E9-577CF026C01B}.Release|Any CPU.ActiveCfg = Release|Any CPU
		{1C29CFA6-6509-4444-83E9-577CF026C01B}.Release|Any CPU.Build.0 = Release|Any CPU
		{B85D232F-BC6D-4FF9-AB53-9DB3F8082B55}.Debug|Any CPU.ActiveCfg = Debug|Any CPU
		{B85D232F-BC6D-4FF9-AB53-9DB3F8082B55}.Debug|Any CPU.Build.0 = Debug|Any CPU
		{B85D232F-BC6D-4FF9-AB53-9DB3F8082B55}.Release|Any CPU.ActiveCfg = Release|Any CPU
		{B85D232F-BC6D-4FF9-AB53-9DB3F8082B55}.Release|Any CPU.Build.0 = Release|Any CPU
		{0F8BF810-3802-46D2-9E55-AAFCC9A618F3}.Debug|Any CPU.ActiveCfg = Debug|Any CPU
		{0F8BF810-3802-46D2-9E55-AAFCC9A618F3}.Debug|Any CPU.Build.0 = Debug|Any CPU
		{0F8BF810-3802-46D2-9E55-AAFCC9A618F3}.Release|Any CPU.ActiveCfg = Release|Any CPU
		{0F8BF810-3802-46D2-9E55-AAFCC9A618F3}.Release|Any CPU.Build.0 = Release|Any CPU
		{8814B8BB-2609-4B32-A22A-15432C41CD85}.Debug|Any CPU.ActiveCfg = Debug|Any CPU
		{8814B8BB-2609-4B32-A22A-15432C41CD85}.Debug|Any CPU.Build.0 = Debug|Any CPU
		{8814B8BB-2609-4B32-A22A-15432C41CD85}.Release|Any CPU.ActiveCfg = Release|Any CPU
		{8814B8BB-2609-4B32-A22A-15432C41CD85}.Release|Any CPU.Build.0 = Release|Any CPU
	EndGlobalSection
	GlobalSection(SolutionProperties) = preSolution
		HideSolutionNode = FALSE
	EndGlobalSection
	GlobalSection(ExtensibilityGlobals) = postSolution
		SolutionGuid = {CB0A9E5B-1220-4016-A52B-AB832B4BB8BB}
	EndGlobalSection
EndGlobal
